
Microsoft Visual Studio Solution File, Format Version 12.00
# Visual Studio 15
VisualStudioVersion = 15.0.27130.2026
MinimumVisualStudioVersion = 10.0.40219.1
Project("{FAE04EC0-301F-11D3-BF4B-00C04F79EFBC}") = "ClrMDStudio", "ClrMDStudio\ClrMDStudio.csproj", "{A03DF28C-DBEE-454E-A31C-0F38AD23BFAD}"
EndProject
Project("{FAE04EC0-301F-11D3-BF4B-00C04F79EFBC}") = "gsose", "gsose\gsose.csproj", "{3FCA8012-3BAD-41E4-91F4-534AA9A44F96}"
EndProject
Project("{9A19103F-16F7-4668-BE54-9A1E7A4F7556}") = "ParallelStacks", "ParallelStacks\ParallelStacks.csproj", "{D17509EA-830E-4A29-A959-16D2D1E7C7E3}"
EndProject
Project("{9A19103F-16F7-4668-BE54-9A1E7A4F7556}") = "ParallelStacks.Runtime", "ParallelStacks.Runtime\ParallelStacks.Runtime.csproj", "{99564355-E8F1-4976-867F-CE968AC202ED}"
EndProject
Project("{9A19103F-16F7-4668-BE54-9A1E7A4F7556}") = "dotnet-pstacks", "dotnet-pstacks\dotnet-pstacks.csproj", "{F3B79A28-D82C-4A93-9EA6-95B7211D8DCE}"
EndProject
Project("{FAE04EC0-301F-11D3-BF4B-00C04F79EFBC}") = "LeakShell", "LeakShell\LeakShell.csproj", "{B1897050-DE5D-4652-A4F5-7DB084EE7BD2}"
EndProject
Global
	GlobalSection(SolutionConfigurationPlatforms) = preSolution
		Debug|Any CPU = Debug|Any CPU
		Debug|x64 = Debug|x64
		Debug|x86 = Debug|x86
		Release|Any CPU = Release|Any CPU
		Release|x64 = Release|x64
		Release|x86 = Release|x86
	EndGlobalSection
	GlobalSection(ProjectConfigurationPlatforms) = postSolution
		{A03DF28C-DBEE-454E-A31C-0F38AD23BFAD}.Debug|Any CPU.ActiveCfg = Debug|Any CPU
		{A03DF28C-DBEE-454E-A31C-0F38AD23BFAD}.Debug|Any CPU.Build.0 = Debug|Any CPU
		{A03DF28C-DBEE-454E-A31C-0F38AD23BFAD}.Debug|x64.ActiveCfg = Debug|x64
		{A03DF28C-DBEE-454E-A31C-0F38AD23BFAD}.Debug|x64.Build.0 = Debug|x64
		{A03DF28C-DBEE-454E-A31C-0F38AD23BFAD}.Debug|x86.ActiveCfg = Debug|x86
		{A03DF28C-DBEE-454E-A31C-0F38AD23BFAD}.Debug|x86.Build.0 = Debug|x86
		{A03DF28C-DBEE-454E-A31C-0F38AD23BFAD}.Release|Any CPU.ActiveCfg = Release|Any CPU
		{A03DF28C-DBEE-454E-A31C-0F38AD23BFAD}.Release|Any CPU.Build.0 = Release|Any CPU
		{A03DF28C-DBEE-454E-A31C-0F38AD23BFAD}.Release|x64.ActiveCfg = Release|x64
		{A03DF28C-DBEE-454E-A31C-0F38AD23BFAD}.Release|x64.Build.0 = Release|x64
		{A03DF28C-DBEE-454E-A31C-0F38AD23BFAD}.Release|x86.ActiveCfg = Release|x86
		{A03DF28C-DBEE-454E-A31C-0F38AD23BFAD}.Release|x86.Build.0 = Release|x86
		{3FCA8012-3BAD-41E4-91F4-534AA9A44F96}.Debug|Any CPU.ActiveCfg = Debug|Any CPU
		{3FCA8012-3BAD-41E4-91F4-534AA9A44F96}.Debug|Any CPU.Build.0 = Debug|Any CPU
		{3FCA8012-3BAD-41E4-91F4-534AA9A44F96}.Debug|x64.ActiveCfg = Debug|x64
		{3FCA8012-3BAD-41E4-91F4-534AA9A44F96}.Debug|x64.Build.0 = Debug|x64
		{3FCA8012-3BAD-41E4-91F4-534AA9A44F96}.Debug|x86.ActiveCfg = Debug|x86
		{3FCA8012-3BAD-41E4-91F4-534AA9A44F96}.Debug|x86.Build.0 = Debug|x86
		{3FCA8012-3BAD-41E4-91F4-534AA9A44F96}.Release|Any CPU.ActiveCfg = Release|Any CPU
		{3FCA8012-3BAD-41E4-91F4-534AA9A44F96}.Release|Any CPU.Build.0 = Release|Any CPU
		{3FCA8012-3BAD-41E4-91F4-534AA9A44F96}.Release|x64.ActiveCfg = Release|x64
		{3FCA8012-3BAD-41E4-91F4-534AA9A44F96}.Release|x64.Build.0 = Release|x64
		{3FCA8012-3BAD-41E4-91F4-534AA9A44F96}.Release|x86.ActiveCfg = Release|x86
		{3FCA8012-3BAD-41E4-91F4-534AA9A44F96}.Release|x86.Build.0 = Release|x86
		{D17509EA-830E-4A29-A959-16D2D1E7C7E3}.Debug|Any CPU.ActiveCfg = Debug|Any CPU
		{D17509EA-830E-4A29-A959-16D2D1E7C7E3}.Debug|Any CPU.Build.0 = Debug|Any CPU
		{D17509EA-830E-4A29-A959-16D2D1E7C7E3}.Debug|x64.ActiveCfg = Debug|x64
		{D17509EA-830E-4A29-A959-16D2D1E7C7E3}.Debug|x64.Build.0 = Debug|x64
		{D17509EA-830E-4A29-A959-16D2D1E7C7E3}.Debug|x86.ActiveCfg = Debug|Any CPU
		{D17509EA-830E-4A29-A959-16D2D1E7C7E3}.Debug|x86.Build.0 = Debug|Any CPU
		{D17509EA-830E-4A29-A959-16D2D1E7C7E3}.Release|Any CPU.ActiveCfg = Release|Any CPU
		{D17509EA-830E-4A29-A959-16D2D1E7C7E3}.Release|Any CPU.Build.0 = Release|Any CPU
		{D17509EA-830E-4A29-A959-16D2D1E7C7E3}.Release|x64.ActiveCfg = Release|x64
		{D17509EA-830E-4A29-A959-16D2D1E7C7E3}.Release|x64.Build.0 = Release|x64
		{D17509EA-830E-4A29-A959-16D2D1E7C7E3}.Release|x86.ActiveCfg = Release|Any CPU
		{D17509EA-830E-4A29-A959-16D2D1E7C7E3}.Release|x86.Build.0 = Release|Any CPU
		{99564355-E8F1-4976-867F-CE968AC202ED}.Debug|Any CPU.ActiveCfg = Debug|Any CPU
		{99564355-E8F1-4976-867F-CE968AC202ED}.Debug|Any CPU.Build.0 = Debug|Any CPU
		{99564355-E8F1-4976-867F-CE968AC202ED}.Debug|x64.ActiveCfg = Debug|Any CPU
		{99564355-E8F1-4976-867F-CE968AC202ED}.Debug|x64.Build.0 = Debug|Any CPU
		{99564355-E8F1-4976-867F-CE968AC202ED}.Debug|x86.ActiveCfg = Debug|Any CPU
		{99564355-E8F1-4976-867F-CE968AC202ED}.Debug|x86.Build.0 = Debug|Any CPU
		{99564355-E8F1-4976-867F-CE968AC202ED}.Release|Any CPU.ActiveCfg = Release|Any CPU
		{99564355-E8F1-4976-867F-CE968AC202ED}.Release|Any CPU.Build.0 = Release|Any CPU
		{99564355-E8F1-4976-867F-CE968AC202ED}.Release|x64.ActiveCfg = Release|Any CPU
		{99564355-E8F1-4976-867F-CE968AC202ED}.Release|x64.Build.0 = Release|Any CPU
		{99564355-E8F1-4976-867F-CE968AC202ED}.Release|x86.ActiveCfg = Release|Any CPU
		{99564355-E8F1-4976-867F-CE968AC202ED}.Release|x86.Build.0 = Release|Any CPU
		{F3B79A28-D82C-4A93-9EA6-95B7211D8DCE}.Debug|Any CPU.ActiveCfg = Debug|Any CPU
		{F3B79A28-D82C-4A93-9EA6-95B7211D8DCE}.Debug|Any CPU.Build.0 = Debug|Any CPU
		{F3B79A28-D82C-4A93-9EA6-95B7211D8DCE}.Debug|x64.ActiveCfg = Debug|Any CPU
		{F3B79A28-D82C-4A93-9EA6-95B7211D8DCE}.Debug|x64.Build.0 = Debug|Any CPU
		{F3B79A28-D82C-4A93-9EA6-95B7211D8DCE}.Debug|x86.ActiveCfg = Debug|Any CPU
		{F3B79A28-D82C-4A93-9EA6-95B7211D8DCE}.Debug|x86.Build.0 = Debug|Any CPU
		{F3B79A28-D82C-4A93-9EA6-95B7211D8DCE}.Release|Any CPU.ActiveCfg = Release|Any CPU
		{F3B79A28-D82C-4A93-9EA6-95B7211D8DCE}.Release|Any CPU.Build.0 = Release|Any CPU
		{F3B79A28-D82C-4A93-9EA6-95B7211D8DCE}.Release|x64.ActiveCfg = Release|Any CPU
		{F3B79A28-D82C-4A93-9EA6-95B7211D8DCE}.Release|x64.Build.0 = Release|Any CPU
		{F3B79A28-D82C-4A93-9EA6-95B7211D8DCE}.Release|x86.ActiveCfg = Release|Any CPU
		{F3B79A28-D82C-4A93-9EA6-95B7211D8DCE}.Release|x86.Build.0 = Release|Any CPU
		{B1897050-DE5D-4652-A4F5-7DB084EE7BD2}.Debug|Any CPU.ActiveCfg = Debug|x86
		{B1897050-DE5D-4652-A4F5-7DB084EE7BD2}.Debug|x64.ActiveCfg = Debug|x64
		{B1897050-DE5D-4652-A4F5-7DB084EE7BD2}.Debug|x64.Build.0 = Debug|x64
		{B1897050-DE5D-4652-A4F5-7DB084EE7BD2}.Debug|x86.ActiveCfg = Debug|x86
		{B1897050-DE5D-4652-A4F5-7DB084EE7BD2}.Debug|x86.Build.0 = Debug|x86
		{B1897050-DE5D-4652-A4F5-7DB084EE7BD2}.Release|Any CPU.ActiveCfg = Release|x86
		{B1897050-DE5D-4652-A4F5-7DB084EE7BD2}.Release|x64.ActiveCfg = Release|x64
		{B1897050-DE5D-4652-A4F5-7DB084EE7BD2}.Release|x64.Build.0 = Release|x64
		{B1897050-DE5D-4652-A4F5-7DB084EE7BD2}.Release|x86.ActiveCfg = Release|x86
		{B1897050-DE5D-4652-A4F5-7DB084EE7BD2}.Release|x86.Build.0 = Release|x86
	EndGlobalSection
	GlobalSection(SolutionProperties) = preSolution
		HideSolutionNode = FALSE
	EndGlobalSection
	GlobalSection(ExtensibilityGlobals) = postSolution
		SolutionGuid = {4BE2A9D1-7A29-4798-BBD5-8B9CB536DEBB}
	EndGlobalSection
EndGlobal
